
Microsoft Visual Studio Solution File, Format Version 12.00
# Visual Studio Version 17
VisualStudioVersion = 17.14.36327.8
MinimumVisualStudioVersion = 10.0.40219.1
Project("{FAE04EC0-301F-11D3-BF4B-00C04F79EFBC}") = "Presentacion", "Presentacion\Presentacion.csproj", "{AB7A57BF-0EA6-40B4-9286-8C627316852B}"
EndProject
Project("{FAE04EC0-301F-11D3-BF4B-00C04F79EFBC}") = "Datos", "Datos\Datos.csproj", "{95331991-0F51-45AB-B06B-66C60008FF00}"
EndProject
Global
	GlobalSection(SolutionConfigurationPlatforms) = preSolution
		Debug|Any CPU = Debug|Any CPU
		Release|Any CPU = Release|Any CPU
	EndGlobalSection
	GlobalSection(ProjectConfigurationPlatforms) = postSolution
		{AB7A57BF-0EA6-40B4-9286-8C627316852B}.Debug|Any CPU.ActiveCfg = Debug|Any CPU
		{AB7A57BF-0EA6-40B4-9286-8C627316852B}.Debug|Any CPU.Build.0 = Debug|Any CPU
		{AB7A57BF-0EA6-40B4-9286-8C627316852B}.Release|Any CPU.ActiveCfg = Release|Any CPU
		{AB7A57BF-0EA6-40B4-9286-8C627316852B}.Release|Any CPU.Build.0 = Release|Any CPU
		{95331991-0F51-45AB-B06B-66C60008FF00}.Debug|Any CPU.ActiveCfg = Debug|Any CPU
		{95331991-0F51-45AB-B06B-66C60008FF00}.Debug|Any CPU.Build.0 = Debug|Any CPU
		{95331991-0F51-45AB-B06B-66C60008FF00}.Release|Any CPU.ActiveCfg = Release|Any CPU
		{95331991-0F51-45AB-B06B-66C60008FF00}.Release|Any CPU.Build.0 = Release|Any CPU
	EndGlobalSection
	GlobalSection(SolutionProperties) = preSolution
		HideSolutionNode = FALSE
	EndGlobalSection
	GlobalSection(ExtensibilityGlobals) = postSolution
		SolutionGuid = {B3EAE52F-726C-42DE-B5AA-CB0B8CA31F04}
	EndGlobalSection
EndGlobal
